
Microsoft Visual Studio Solution File, Format Version 12.00
# Visual Studio Version 17
VisualStudioVersion = 17.7.34024.191
MinimumVisualStudioVersion = 10.0.40219.1
Project("{9A19103F-16F7-4668-BE54-9A1E7A4F7556}") = "iConText_Test", "iConText_Test\iConText_Test.csproj", "{195A0E64-2CC0-4BA7-819E-34F9BC13EF73}"
EndProject
Project("{FAE04EC0-301F-11D3-BF4B-00C04F79EFBC}") = "iConText_Test.Test", "iConText_Test.Test\iConText_Test.Test.csproj", "{83EFA1DC-0D8C-4636-B4E1-C49FE555A07C}"
EndProject
Global
	GlobalSection(SolutionConfigurationPlatforms) = preSolution
		Debug|Any CPU = Debug|Any CPU
		Release|Any CPU = Release|Any CPU
	EndGlobalSection
	GlobalSection(ProjectConfigurationPlatforms) = postSolution
		{195A0E64-2CC0-4BA7-819E-34F9BC13EF73}.Debug|Any CPU.ActiveCfg = Debug|Any CPU
		{195A0E64-2CC0-4BA7-819E-34F9BC13EF73}.Debug|Any CPU.Build.0 = Debug|Any CPU
		{195A0E64-2CC0-4BA7-819E-34F9BC13EF73}.Release|Any CPU.ActiveCfg = Release|Any CPU
		{195A0E64-2CC0-4BA7-819E-34F9BC13EF73}.Release|Any CPU.Build.0 = Release|Any CPU
		{83EFA1DC-0D8C-4636-B4E1-C49FE555A07C}.Debug|Any CPU.ActiveCfg = Debug|Any CPU
		{83EFA1DC-0D8C-4636-B4E1-C49FE555A07C}.Debug|Any CPU.Build.0 = Debug|Any CPU
		{83EFA1DC-0D8C-4636-B4E1-C49FE555A07C}.Release|Any CPU.ActiveCfg = Release|Any CPU
		{83EFA1DC-0D8C-4636-B4E1-C49FE555A07C}.Release|Any CPU.Build.0 = Release|Any CPU
	EndGlobalSection
	GlobalSection(SolutionProperties) = preSolution
		HideSolutionNode = FALSE
	EndGlobalSection
	GlobalSection(ExtensibilityGlobals) = postSolution
		SolutionGuid = {7D8C49EE-13A7-4DC6-B3D7-F10DC3E4AB8B}
	EndGlobalSection
EndGlobal
